
Microsoft Visual Studio Solution File, Format Version 12.00
# Visual Studio Version 17
VisualStudioVersion = 17.5.002.0
MinimumVisualStudioVersion = 10.0.40219.1
Project("{9A19103F-16F7-4668-BE54-9A1E7A4F7556}") = "operadores", "operadores.csproj", "{270C6B65-2CC8-4FF7-98B3-17C95D17B5B3}"
EndProject
Global
	GlobalSection(SolutionConfigurationPlatforms) = preSolution
		Debug|Any CPU = Debug|Any CPU
		Release|Any CPU = Release|Any CPU
	EndGlobalSection
	GlobalSection(ProjectConfigurationPlatforms) = postSolution
		{270C6B65-2CC8-4FF7-98B3-17C95D17B5B3}.Debug|Any CPU.ActiveCfg = Debug|Any CPU
		{270C6B65-2CC8-4FF7-98B3-17C95D17B5B3}.Debug|Any CPU.Build.0 = Debug|Any CPU
		{270C6B65-2CC8-4FF7-98B3-17C95D17B5B3}.Release|Any CPU.ActiveCfg = Release|Any CPU
		{270C6B65-2CC8-4FF7-98B3-17C95D17B5B3}.Release|Any CPU.Build.0 = Release|Any CPU
	EndGlobalSection
	GlobalSection(SolutionProperties) = preSolution
		HideSolutionNode = FALSE
	EndGlobalSection
	GlobalSection(ExtensibilityGlobals) = postSolution
		SolutionGuid = {66EEDA38-5C22-4439-8A27-607363A0ADD5}
	EndGlobalSection
EndGlobal
